// !$*UTF8*$!
{
	archiveVersion = 1;
	classes = {
	};
	objectVersion = 56;
	objects = {

/* Begin PBXBuildFile section */
		5E03AD222B7CC78200AAF02C /* ItemFuncViewModel.swift in Sources */ = {isa = PBXBuildFile; fileRef = 5E03AD212B7CC78200AAF02C /* ItemFuncViewModel.swift */; };
		5ED32FDC2B73BCBA00AB2A58 /* AddItemViewController.swift in Sources */ = {isa = PBXBuildFile; fileRef = 5ED32FDB2B73BCBA00AB2A58 /* AddItemViewController.swift */; };
		5EE5EA002B72610C00AE24A4 /* AppDelegate.swift in Sources */ = {isa = PBXBuildFile; fileRef = 5EE5E9FF2B72610C00AE24A4 /* AppDelegate.swift */; };
		5EE5EA022B72610C00AE24A4 /* SceneDelegate.swift in Sources */ = {isa = PBXBuildFile; fileRef = 5EE5EA012B72610C00AE24A4 /* SceneDelegate.swift */; };
		5EE5EA042B72610C00AE24A4 /* LoginViewController.swift in Sources */ = {isa = PBXBuildFile; fileRef = 5EE5EA032B72610C00AE24A4 /* LoginViewController.swift */; };
		5EE5EA092B72610E00AE24A4 /* Assets.xcassets in Resources */ = {isa = PBXBuildFile; fileRef = 5EE5EA082B72610E00AE24A4 /* Assets.xcassets */; };
		5EE5EA0C2B72610E00AE24A4 /* LaunchScreen.storyboard in Resources */ = {isa = PBXBuildFile; fileRef = 5EE5EA0A2B72610E00AE24A4 /* LaunchScreen.storyboard */; };
		5EE5EA172B72610E00AE24A4 /* LoginTests.swift in Sources */ = {isa = PBXBuildFile; fileRef = 5EE5EA162B72610E00AE24A4 /* LoginTests.swift */; };
		5EE5EA212B72610E00AE24A4 /* LoginUITests.swift in Sources */ = {isa = PBXBuildFile; fileRef = 5EE5EA202B72610E00AE24A4 /* LoginUITests.swift */; };
		5EE5EA232B72610E00AE24A4 /* LoginUITestsLaunchTests.swift in Sources */ = {isa = PBXBuildFile; fileRef = 5EE5EA222B72610E00AE24A4 /* LoginUITestsLaunchTests.swift */; };
		5EE5EA302B726D2600AE24A4 /* UserViewController.swift in Sources */ = {isa = PBXBuildFile; fileRef = 5EE5EA2F2B726D2600AE24A4 /* UserViewController.swift */; };
		5EF0CA7E2B73951500CADDE9 /* Main.storyboard in Resources */ = {isa = PBXBuildFile; fileRef = 5EF0CA7D2B73951500CADDE9 /* Main.storyboard */; };
		5EF133BF2B75D7ED00145F71 /* ItemViewModel.swift in Sources */ = {isa = PBXBuildFile; fileRef = 5EF133BE2B75D7ED00145F71 /* ItemViewModel.swift */; };
		5EF133C22B75D98600145F71 /* ApiService.swift in Sources */ = {isa = PBXBuildFile; fileRef = 5EF133C12B75D98600145F71 /* ApiService.swift */; };
		5EF133C72B76201100145F71 /* CustomTableViewCell.swift in Sources */ = {isa = PBXBuildFile; fileRef = 5EF133C62B76201100145F71 /* CustomTableViewCell.swift */; };
		5EF2E8672B74E578008FC18D /* ItemDetails.swift in Sources */ = {isa = PBXBuildFile; fileRef = 5EF2E8662B74E578008FC18D /* ItemDetails.swift */; };
/* End PBXBuildFile section */

/* Begin PBXContainerItemProxy section */
		5EE5EA132B72610E00AE24A4 /* PBXContainerItemProxy */ = {
			isa = PBXContainerItemProxy;
			containerPortal = 5EE5E9F42B72610C00AE24A4 /* Project object */;
			proxyType = 1;
			remoteGlobalIDString = 5EE5E9FB2B72610C00AE24A4;
			remoteInfo = Login;
		};
		5EE5EA1D2B72610E00AE24A4 /* PBXContainerItemProxy */ = {
			isa = PBXContainerItemProxy;
			containerPortal = 5EE5E9F42B72610C00AE24A4 /* Project object */;
			proxyType = 1;
			remoteGlobalIDString = 5EE5E9FB2B72610C00AE24A4;
			remoteInfo = Login;
		};
/* End PBXContainerItemProxy section */

/* Begin PBXFileReference section */
		5E03AD212B7CC78200AAF02C /* ItemFuncViewModel.swift */ = {isa = PBXFileReference; lastKnownFileType = sourcecode.swift; path = ItemFuncViewModel.swift; sourceTree = "<group>"; };
		5ED32FDB2B73BCBA00AB2A58 /* AddItemViewController.swift */ = {isa = PBXFileReference; lastKnownFileType = sourcecode.swift; path = AddItemViewController.swift; sourceTree = "<group>"; };
		5EE5E9FC2B72610C00AE24A4 /* Login.app */ = {isa = PBXFileReference; explicitFileType = wrapper.application; includeInIndex = 0; path = Login.app; sourceTree = BUILT_PRODUCTS_DIR; };
		5EE5E9FF2B72610C00AE24A4 /* AppDelegate.swift */ = {isa = PBXFileReference; lastKnownFileType = sourcecode.swift; path = AppDelegate.swift; sourceTree = "<group>"; };
		5EE5EA012B72610C00AE24A4 /* SceneDelegate.swift */ = {isa = PBXFileReference; lastKnownFileType = sourcecode.swift; path = SceneDelegate.swift; sourceTree = "<group>"; };
		5EE5EA032B72610C00AE24A4 /* LoginViewController.swift */ = {isa = PBXFileReference; lastKnownFileType = sourcecode.swift; path = LoginViewController.swift; sourceTree = "<group>"; };
		5EE5EA082B72610E00AE24A4 /* Assets.xcassets */ = {isa = PBXFileReference; lastKnownFileType = folder.assetcatalog; path = Assets.xcassets; sourceTree = "<group>"; };
		5EE5EA0B2B72610E00AE24A4 /* Base */ = {isa = PBXFileReference; lastKnownFileType = file.storyboard; name = Base; path = Base.lproj/LaunchScreen.storyboard; sourceTree = "<group>"; };
		5EE5EA0D2B72610E00AE24A4 /* Info.plist */ = {isa = PBXFileReference; lastKnownFileType = text.plist.xml; path = Info.plist; sourceTree = "<group>"; };
		5EE5EA122B72610E00AE24A4 /* LoginTests.xctest */ = {isa = PBXFileReference; explicitFileType = wrapper.cfbundle; includeInIndex = 0; path = LoginTests.xctest; sourceTree = BUILT_PRODUCTS_DIR; };
		5EE5EA162B72610E00AE24A4 /* LoginTests.swift */ = {isa = PBXFileReference; lastKnownFileType = sourcecode.swift; path = LoginTests.swift; sourceTree = "<group>"; };
		5EE5EA1C2B72610E00AE24A4 /* LoginUITests.xctest */ = {isa = PBXFileReference; explicitFileType = wrapper.cfbundle; includeInIndex = 0; path = LoginUITests.xctest; sourceTree = BUILT_PRODUCTS_DIR; };
		5EE5EA202B72610E00AE24A4 /* LoginUITests.swift */ = {isa = PBXFileReference; lastKnownFileType = sourcecode.swift; path = LoginUITests.swift; sourceTree = "<group>"; };
		5EE5EA222B72610E00AE24A4 /* LoginUITestsLaunchTests.swift */ = {isa = PBXFileReference; lastKnownFileType = sourcecode.swift; path = LoginUITestsLaunchTests.swift; sourceTree = "<group>"; };
		5EE5EA2F2B726D2600AE24A4 /* UserViewController.swift */ = {isa = PBXFileReference; lastKnownFileType = sourcecode.swift; path = UserViewController.swift; sourceTree = "<group>"; };
		5EF0CA7D2B73951500CADDE9 /* Main.storyboard */ = {isa = PBXFileReference; fileEncoding = 4; lastKnownFileType = file.storyboard; path = Main.storyboard; sourceTree = "<group>"; };
		5EF133BE2B75D7ED00145F71 /* ItemViewModel.swift */ = {isa = PBXFileReference; lastKnownFileType = sourcecode.swift; path = ItemViewModel.swift; sourceTree = "<group>"; };
		5EF133C12B75D98600145F71 /* ApiService.swift */ = {isa = PBXFileReference; lastKnownFileType = sourcecode.swift; path = ApiService.swift; sourceTree = "<group>"; };
		5EF133C62B76201100145F71 /* CustomTableViewCell.swift */ = {isa = PBXFileReference; lastKnownFileType = sourcecode.swift; path = CustomTableViewCell.swift; sourceTree = "<group>"; };
		5EF2E8662B74E578008FC18D /* ItemDetails.swift */ = {isa = PBXFileReference; lastKnownFileType = sourcecode.swift; path = ItemDetails.swift; sourceTree = "<group>"; };
/* End PBXFileReference section */

/* Begin PBXFrameworksBuildPhase section */
		5EE5E9F92B72610C00AE24A4 /* Frameworks */ = {
			isa = PBXFrameworksBuildPhase;
			buildActionMask = 2147483647;
			files = (
			);
			runOnlyForDeploymentPostprocessing = 0;
		};
		5EE5EA0F2B72610E00AE24A4 /* Frameworks */ = {
			isa = PBXFrameworksBuildPhase;
			buildActionMask = 2147483647;
			files = (
			);
			runOnlyForDeploymentPostprocessing = 0;
		};
		5EE5EA192B72610E00AE24A4 /* Frameworks */ = {
			isa = PBXFrameworksBuildPhase;
			buildActionMask = 2147483647;
			files = (
			);
			runOnlyForDeploymentPostprocessing = 0;
		};
/* End PBXFrameworksBuildPhase section */

/* Begin PBXGroup section */
		5EE5E9F32B72610C00AE24A4 = {
			isa = PBXGroup;
			children = (
				5EE5E9FE2B72610C00AE24A4 /* Login */,
				5EE5EA152B72610E00AE24A4 /* LoginTests */,
				5EE5EA1F2B72610E00AE24A4 /* LoginUITests */,
				5EE5E9FD2B72610C00AE24A4 /* Products */,
			);
			sourceTree = "<group>";
		};
		5EE5E9FD2B72610C00AE24A4 /* Products */ = {
			isa = PBXGroup;
			children = (
				5EE5E9FC2B72610C00AE24A4 /* Login.app */,
				5EE5EA122B72610E00AE24A4 /* LoginTests.xctest */,
				5EE5EA1C2B72610E00AE24A4 /* LoginUITests.xctest */,
			);
			name = Products;
			sourceTree = "<group>";
		};
		5EE5E9FE2B72610C00AE24A4 /* Login */ = {
			isa = PBXGroup;
			children = (
				5EE5E9FF2B72610C00AE24A4 /* AppDelegate.swift */,
				5EE5EA012B72610C00AE24A4 /* SceneDelegate.swift */,
				5EF133C02B75D92B00145F71 /* Service */,
				5EF133C52B761FED00145F71 /* CustomCell */,
				5EF2E8652B74E379008FC18D /* Model */,
				5EF133BD2B75D7C900145F71 /* ViewModel */,
				5EF133C32B75E0EE00145F71 /* Controller */,
				5EF0CA7D2B73951500CADDE9 /* Main.storyboard */,
				5EE5EA082B72610E00AE24A4 /* Assets.xcassets */,
				5EE5EA0A2B72610E00AE24A4 /* LaunchScreen.storyboard */,
				5EE5EA0D2B72610E00AE24A4 /* Info.plist */,
			);
			path = Login;
			sourceTree = "<group>";
		};
		5EE5EA152B72610E00AE24A4 /* LoginTests */ = {
			isa = PBXGroup;
			children = (
				5EE5EA162B72610E00AE24A4 /* LoginTests.swift */,
			);
			path = LoginTests;
			sourceTree = "<group>";
		};
		5EE5EA1F2B72610E00AE24A4 /* LoginUITests */ = {
			isa = PBXGroup;
			children = (
				5EE5EA202B72610E00AE24A4 /* LoginUITests.swift */,
				5EE5EA222B72610E00AE24A4 /* LoginUITestsLaunchTests.swift */,
			);
			path = LoginUITests;
			sourceTree = "<group>";
		};
		5EF133BD2B75D7C900145F71 /* ViewModel */ = {
			isa = PBXGroup;
			children = (
				5EF133BE2B75D7ED00145F71 /* ItemViewModel.swift */,
				5E03AD212B7CC78200AAF02C /* ItemFuncViewModel.swift */,
			);
			path = ViewModel;
			sourceTree = "<group>";
		};
		5EF133C02B75D92B00145F71 /* Service */ = {
			isa = PBXGroup;
			children = (
				5EF133C12B75D98600145F71 /* ApiService.swift */,
			);
			path = Service;
			sourceTree = "<group>";
		};
		5EF133C32B75E0EE00145F71 /* Controller */ = {
			isa = PBXGroup;
			children = (
				5EE5EA032B72610C00AE24A4 /* LoginViewController.swift */,
				5EE5EA2F2B726D2600AE24A4 /* UserViewController.swift */,
				5ED32FDB2B73BCBA00AB2A58 /* AddItemViewController.swift */,
			);
			path = Controller;
			sourceTree = "<group>";
		};
		5EF133C52B761FED00145F71 /* CustomCell */ = {
			isa = PBXGroup;
			children = (
				5EF133C62B76201100145F71 /* CustomTableViewCell.swift */,
			);
			path = CustomCell;
			sourceTree = "<group>";
		};
		5EF2E8652B74E379008FC18D /* Model */ = {
			isa = PBXGroup;
			children = (
				5EF2E8662B74E578008FC18D /* ItemDetails.swift */,
			);
			path = Model;
			sourceTree = "<group>";
		};
/* End PBXGroup section */

/* Begin PBXNativeTarget section */
		5EE5E9FB2B72610C00AE24A4 /* Login */ = {
			isa = PBXNativeTarget;
			buildConfigurationList = 5EE5EA262B72610E00AE24A4 /* Build configuration list for PBXNativeTarget "Login" */;
			buildPhases = (
				5EE5E9F82B72610C00AE24A4 /* Sources */,
				5EE5E9F92B72610C00AE24A4 /* Frameworks */,
				5EE5E9FA2B72610C00AE24A4 /* Resources */,
			);
			buildRules = (
			);
			dependencies = (
			);
			name = Login;
			productName = Login;
			productReference = 5EE5E9FC2B72610C00AE24A4 /* Login.app */;
			productType = "com.apple.product-type.application";
		};
		5EE5EA112B72610E00AE24A4 /* LoginTests */ = {
			isa = PBXNativeTarget;
			buildConfigurationList = 5EE5EA292B72610E00AE24A4 /* Build configuration list for PBXNativeTarget "LoginTests" */;
			buildPhases = (
				5EE5EA0E2B72610E00AE24A4 /* Sources */,
				5EE5EA0F2B72610E00AE24A4 /* Frameworks */,
				5EE5EA102B72610E00AE24A4 /* Resources */,
			);
			buildRules = (
			);
			dependencies = (
				5EE5EA142B72610E00AE24A4 /* PBXTargetDependency */,
			);
			name = LoginTests;
			productName = LoginTests;
			productReference = 5EE5EA122B72610E00AE24A4 /* LoginTests.xctest */;
			productType = "com.apple.product-type.bundle.unit-test";
		};
		5EE5EA1B2B72610E00AE24A4 /* LoginUITests */ = {
			isa = PBXNativeTarget;
			buildConfigurationList = 5EE5EA2C2B72610E00AE24A4 /* Build configuration list for PBXNativeTarget "LoginUITests" */;
			buildPhases = (
				5EE5EA182B72610E00AE24A4 /* Sources */,
				5EE5EA192B72610E00AE24A4 /* Frameworks */,
				5EE5EA1A2B72610E00AE24A4 /* Resources */,
			);
			buildRules = (
			);
			dependencies = (
				5EE5EA1E2B72610E00AE24A4 /* PBXTargetDependency */,
			);
			name = LoginUITests;
			productName = LoginUITests;
			productReference = 5EE5EA1C2B72610E00AE24A4 /* LoginUITests.xctest */;
			productType = "com.apple.product-type.bundle.ui-testing";
		};
/* End PBXNativeTarget section */

/* Begin PBXProject section */
		5EE5E9F42B72610C00AE24A4 /* Project object */ = {
			isa = PBXProject;
			attributes = {
				BuildIndependentTargetsInParallel = 1;
				LastSwiftUpdateCheck = 1420;
				LastUpgradeCheck = 1420;
				TargetAttributes = {
					5EE5E9FB2B72610C00AE24A4 = {
						CreatedOnToolsVersion = 14.2;
					};
					5EE5EA112B72610E00AE24A4 = {
						CreatedOnToolsVersion = 14.2;
						TestTargetID = 5EE5E9FB2B72610C00AE24A4;
					};
					5EE5EA1B2B72610E00AE24A4 = {
						CreatedOnToolsVersion = 14.2;
						TestTargetID = 5EE5E9FB2B72610C00AE24A4;
					};
				};
			};
			buildConfigurationList = 5EE5E9F72B72610C00AE24A4 /* Build configuration list for PBXProject "Login" */;
			compatibilityVersion = "Xcode 14.0";
			developmentRegion = en;
			hasScannedForEncodings = 0;
			knownRegions = (
				en,
				Base,
			);
			mainGroup = 5EE5E9F32B72610C00AE24A4;
			productRefGroup = 5EE5E9FD2B72610C00AE24A4 /* Products */;
			projectDirPath = "";
			projectRoot = "";
			targets = (
				5EE5E9FB2B72610C00AE24A4 /* Login */,
				5EE5EA112B72610E00AE24A4 /* LoginTests */,
				5EE5EA1B2B72610E00AE24A4 /* LoginUITests */,
			);
		};
/* End PBXProject section */

/* Begin PBXResourcesBuildPhase section */
		5EE5E9FA2B72610C00AE24A4 /* Resources */ = {
			isa = PBXResourcesBuildPhase;
			buildActionMask = 2147483647;
			files = (
				5EF0CA7E2B73951500CADDE9 /* Main.storyboard in Resources */,
				5EE5EA0C2B72610E00AE24A4 /* LaunchScreen.storyboard in Resources */,
				5EE5EA092B72610E00AE24A4 /* Assets.xcassets in Resources */,
			);
			runOnlyForDeploymentPostprocessing = 0;
		};
		5EE5EA102B72610E00AE24A4 /* Resources */ = {
			isa = PBXResourcesBuildPhase;
			buildActionMask = 2147483647;
			files = (
			);
			runOnlyForDeploymentPostprocessing = 0;
		};
		5EE5EA1A2B72610E00AE24A4 /* Resources */ = {
			isa = PBXResourcesBuildPhase;
			buildActionMask = 2147483647;
			files = (
			);
			runOnlyForDeploymentPostprocessing = 0;
		};
/* End PBXResourcesBuildPhase section */

/* Begin PBXSourcesBuildPhase section */
		5EE5E9F82B72610C00AE24A4 /* Sources */ = {
			isa = PBXSourcesBuildPhase;
			buildActionMask = 2147483647;
			files = (
				5EF133C72B76201100145F71 /* CustomTableViewCell.swift in Sources */,
				5ED32FDC2B73BCBA00AB2A58 /* AddItemViewController.swift in Sources */,
				5EE5EA042B72610C00AE24A4 /* LoginViewController.swift in Sources */,
				5EE5EA302B726D2600AE24A4 /* UserViewController.swift in Sources */,
				5EF2E8672B74E578008FC18D /* ItemDetails.swift in Sources */,
				5E03AD222B7CC78200AAF02C /* ItemFuncViewModel.swift in Sources */,
				5EE5EA002B72610C00AE24A4 /* AppDelegate.swift in Sources */,
				5EF133BF2B75D7ED00145F71 /* ItemViewModel.swift in Sources */,
				5EF133C22B75D98600145F71 /* ApiService.swift in Sources */,
				5EE5EA022B72610C00AE24A4 /* SceneDelegate.swift in Sources */,
			);
			runOnlyForDeploymentPostprocessing = 0;
		};
		5EE5EA0E2B72610E00AE24A4 /* Sources */ = {
			isa = PBXSourcesBuildPhase;
			buildActionMask = 2147483647;
			files = (
				5EE5EA172B72610E00AE24A4 /* LoginTests.swift in Sources */,
			);
			runOnlyForDeploymentPostprocessing = 0;
		};
		5EE5EA182B72610E00AE24A4 /* Sources */ = {
			isa = PBXSourcesBuildPhase;
			buildActionMask = 2147483647;
			files = (
				5EE5EA232B72610E00AE24A4 /* LoginUITestsLaunchTests.swift in Sources */,
				5EE5EA212B72610E00AE24A4 /* LoginUITests.swift in Sources */,
			);
			runOnlyForDeploymentPostprocessing = 0;
		};
/* End PBXSourcesBuildPhase section */

/* Begin PBXTargetDependency section */
		5EE5EA142B72610E00AE24A4 /* PBXTargetDependency */ = {
			isa = PBXTargetDependency;
			target = 5EE5E9FB2B72610C00AE24A4 /* Login */;
			targetProxy = 5EE5EA132B72610E00AE24A4 /* PBXContainerItemProxy */;
		};
		5EE5EA1E2B72610E00AE24A4 /* PBXTargetDependency */ = {
			isa = PBXTargetDependency;
			target = 5EE5E9FB2B72610C00AE24A4 /* Login */;
			targetProxy = 5EE5EA1D2B72610E00AE24A4 /* PBXContainerItemProxy */;
		};
/* End PBXTargetDependency section */

/* Begin PBXVariantGroup section */
		5EE5EA0A2B72610E00AE24A4 /* LaunchScreen.storyboard */ = {
			isa = PBXVariantGroup;
			children = (
				5EE5EA0B2B72610E00AE24A4 /* Base */,
			);
			name = LaunchScreen.storyboard;
			sourceTree = "<group>";
		};
/* End PBXVariantGroup section */

/* Begin XCBuildConfiguration section */
		5EE5EA242B72610E00AE24A4 /* Debug */ = {
			isa = XCBuildConfiguration;
			buildSettings = {
				ALWAYS_SEARCH_USER_PATHS = NO;
				CLANG_ANALYZER_NONNULL = YES;
				CLANG_ANALYZER_NUMBER_OBJECT_CONVERSION = YES_AGGRESSIVE;
				CLANG_CXX_LANGUAGE_STANDARD = "gnu++20";
				CLANG_ENABLE_MODULES = YES;
				CLANG_ENABLE_OBJC_ARC = YES;
				CLANG_ENABLE_OBJC_WEAK = YES;
				CLANG_WARN_BLOCK_CAPTURE_AUTORELEASING = YES;
				CLANG_WARN_BOOL_CONVERSION = YES;
				CLANG_WARN_COMMA = YES;
				CLANG_WARN_CONSTANT_CONVERSION = YES;
				CLANG_WARN_DEPRECATED_OBJC_IMPLEMENTATIONS = YES;
				CLANG_WARN_DIRECT_OBJC_ISA_USAGE = YES_ERROR;
				CLANG_WARN_DOCUMENTATION_COMMENTS = YES;
				CLANG_WARN_EMPTY_BODY = YES;
				CLANG_WARN_ENUM_CONVERSION = YES;
				CLANG_WARN_INFINITE_RECURSION = YES;
				CLANG_WARN_INT_CONVERSION = YES;
				CLANG_WARN_NON_LITERAL_NULL_CONVERSION = YES;
				CLANG_WARN_OBJC_IMPLICIT_RETAIN_SELF = YES;
				CLANG_WARN_OBJC_LITERAL_CONVERSION = YES;
				CLANG_WARN_OBJC_ROOT_CLASS = YES_ERROR;
				CLANG_WARN_QUOTED_INCLUDE_IN_FRAMEWORK_HEADER = YES;
				CLANG_WARN_RANGE_LOOP_ANALYSIS = YES;
				CLANG_WARN_STRICT_PROTOTYPES = YES;
				CLANG_WARN_SUSPICIOUS_MOVE = YES;
				CLANG_WARN_UNGUARDED_AVAILABILITY = YES_AGGRESSIVE;
				CLANG_WARN_UNREACHABLE_CODE = YES;
				CLANG_WARN__DUPLICATE_METHOD_MATCH = YES;
				COPY_PHASE_STRIP = NO;
				DEBUG_INFORMATION_FORMAT = dwarf;
				ENABLE_STRICT_OBJC_MSGSEND = YES;
				ENABLE_TESTABILITY = YES;
				GCC_C_LANGUAGE_STANDARD = gnu11;
				GCC_DYNAMIC_NO_PIC = NO;
				GCC_NO_COMMON_BLOCKS = YES;
				GCC_OPTIMIZATION_LEVEL = 0;
				GCC_PREPROCESSOR_DEFINITIONS = (
					"DEBUG=1",
					"$(inherited)",
				);
				GCC_WARN_64_TO_32_BIT_CONVERSION = YES;
				GCC_WARN_ABOUT_RETURN_TYPE = YES_ERROR;
				GCC_WARN_UNDECLARED_SELECTOR = YES;
				GCC_WARN_UNINITIALIZED_AUTOS = YES_AGGRESSIVE;
				GCC_WARN_UNUSED_FUNCTION = YES;
				GCC_WARN_UNUSED_VARIABLE = YES;
				IPHONEOS_DEPLOYMENT_TARGET = 16.2;
				MTL_ENABLE_DEBUG_INFO = INCLUDE_SOURCE;
				MTL_FAST_MATH = YES;
				ONLY_ACTIVE_ARCH = YES;
				SDKROOT = iphoneos;
				SWIFT_ACTIVE_COMPILATION_CONDITIONS = DEBUG;
				SWIFT_OPTIMIZATION_LEVEL = "-Onone";
			};
			name = Debug;
		};
		5EE5EA252B72610E00AE24A4 /* Release */ = {
			isa = XCBuildConfiguration;
			buildSettings = {
				ALWAYS_SEARCH_USER_PATHS = NO;
				CLANG_ANALYZER_NONNULL = YES;
				CLANG_ANALYZER_NUMBER_OBJECT_CONVERSION = YES_AGGRESSIVE;
				CLANG_CXX_LANGUAGE_STANDARD = "gnu++20";
				CLANG_ENABLE_MODULES = YES;
				CLANG_ENABLE_OBJC_ARC = YES;
				CLANG_ENABLE_OBJC_WEAK = YES;
				CLANG_WARN_BLOCK_CAPTURE_AUTORELEASING = YES;
				CLANG_WARN_BOOL_CONVERSION = YES;
				CLANG_WARN_COMMA = YES;
				CLANG_WARN_CONSTANT_CONVERSION = YES;
				CLANG_WARN_DEPRECATED_OBJC_IMPLEMENTATIONS = YES;
				CLANG_WARN_DIRECT_OBJC_ISA_USAGE = YES_ERROR;
				CLANG_WARN_DOCUMENTATION_COMMENTS = YES;
				CLANG_WARN_EMPTY_BODY = YES;
				CLANG_WARN_ENUM_CONVERSION = YES;
				CLANG_WARN_INFINITE_RECURSION = YES;
				CLANG_WARN_INT_CONVERSION = YES;
				CLANG_WARN_NON_LITERAL_NULL_CONVERSION = YES;
				CLANG_WARN_OBJC_IMPLICIT_RETAIN_SELF = YES;
				CLANG_WARN_OBJC_LITERAL_CONVERSION = YES;
				CLANG_WARN_OBJC_ROOT_CLASS = YES_ERROR;
				CLANG_WARN_QUOTED_INCLUDE_IN_FRAMEWORK_HEADER = YES;
				CLANG_WARN_RANGE_LOOP_ANALYSIS = YES;
				CLANG_WARN_STRICT_PROTOTYPES = YES;
				CLANG_WARN_SUSPICIOUS_MOVE = YES;
				CLANG_WARN_UNGUARDED_AVAILABILITY = YES_AGGRESSIVE;
				CLANG_WARN_UNREACHABLE_CODE = YES;
				CLANG_WARN__DUPLICATE_METHOD_MATCH = YES;
				COPY_PHASE_STRIP = NO;
				DEBUG_INFORMATION_FORMAT = "dwarf-with-dsym";
				ENABLE_NS_ASSERTIONS = NO;
				ENABLE_STRICT_OBJC_MSGSEND = YES;
				GCC_C_LANGUAGE_STANDARD = gnu11;
				GCC_NO_COMMON_BLOCKS = YES;
				GCC_WARN_64_TO_32_BIT_CONVERSION = YES;
				GCC_WARN_ABOUT_RETURN_TYPE = YES_ERROR;
				GCC_WARN_UNDECLARED_SELECTOR = YES;
				GCC_WARN_UNINITIALIZED_AUTOS = YES_AGGRESSIVE;
				GCC_WARN_UNUSED_FUNCTION = YES;
				GCC_WARN_UNUSED_VARIABLE = YES;
				IPHONEOS_DEPLOYMENT_TARGET = 16.2;
				MTL_ENABLE_DEBUG_INFO = NO;
				MTL_FAST_MATH = YES;
				SDKROOT = iphoneos;
				SWIFT_COMPILATION_MODE = wholemodule;
				SWIFT_OPTIMIZATION_LEVEL = "-O";
				VALIDATE_PRODUCT = YES;
			};
			name = Release;
		};
		5EE5EA272B72610E00AE24A4 /* Debug */ = {
			isa = XCBuildConfiguration;
			buildSettings = {
				ASSETCATALOG_COMPILER_APPICON_NAME = AppIcon;
				ASSETCATALOG_COMPILER_GLOBAL_ACCENT_COLOR_NAME = AccentColor;
				CODE_SIGN_STYLE = Automatic;
				CURRENT_PROJECT_VERSION = 1;
				GENERATE_INFOPLIST_FILE = YES;
				INFOPLIST_FILE = Login/Info.plist;
				INFOPLIST_KEY_UIApplicationSupportsIndirectInputEvents = YES;
				INFOPLIST_KEY_UILaunchStoryboardName = LaunchScreen;
				INFOPLIST_KEY_UISupportedInterfaceOrientations_iPad = "UIInterfaceOrientationPortrait UIInterfaceOrientationPortraitUpsideDown UIInterfaceOrientationLandscapeLeft UIInterfaceOrientationLandscapeRight";
				INFOPLIST_KEY_UISupportedInterfaceOrientations_iPhone = "UIInterfaceOrientationPortrait UIInterfaceOrientationLandscapeLeft UIInterfaceOrientationLandscapeRight";
				LD_RUNPATH_SEARCH_PATHS = (
					"$(inherited)",
					"@executable_path/Frameworks",
				);
				MARKETING_VERSION = 1.0;
				PRODUCT_BUNDLE_IDENTIFIER = com.example.Login;
				PRODUCT_NAME = "$(TARGET_NAME)";
				SWIFT_EMIT_LOC_STRINGS = YES;
				SWIFT_VERSION = 5.0;
				TARGETED_DEVICE_FAMILY = "1,2";
			};
			name = Debug;
		};
		5EE5EA282B72610E00AE24A4 /* Release */ = {
			isa = XCBuildConfiguration;
			buildSettings = {
				ASSETCATALOG_COMPILER_APPICON_NAME = AppIcon;
				ASSETCATALOG_COMPILER_GLOBAL_ACCENT_COLOR_NAME = AccentColor;
				CODE_SIGN_STYLE = Automatic;
				CURRENT_PROJECT_VERSION = 1;
				GENERATE_INFOPLIST_FILE = YES;
				INFOPLIST_FILE = Login/Info.plist;
				INFOPLIST_KEY_UIApplicationSupportsIndirectInputEvents = YES;
				INFOPLIST_KEY_UILaunchStoryboardName = LaunchScreen;
				INFOPLIST_KEY_UISupportedInterfaceOrientations_iPad = "UIInterfaceOrientationPortrait UIInterfaceOrientationPortraitUpsideDown UIInterfaceOrientationLandscapeLeft UIInterfaceOrientationLandscapeRight";
				INFOPLIST_KEY_UISupportedInterfaceOrientations_iPhone = "UIInterfaceOrientationPortrait UIInterfaceOrientationLandscapeLeft UIInterfaceOrientationLandscapeRight";
				LD_RUNPATH_SEARCH_PATHS = (
					"$(inherited)",
					"@executable_path/Frameworks",
				);
				MARKETING_VERSION = 1.0;
				PRODUCT_BUNDLE_IDENTIFIER = com.example.Login;
				PRODUCT_NAME = "$(TARGET_NAME)";
				SWIFT_EMIT_LOC_STRINGS = YES;
				SWIFT_VERSION = 5.0;
				TARGETED_DEVICE_FAMILY = "1,2";
			};
			name = Release;
		};
		5EE5EA2A2B72610E00AE24A4 /* Debug */ = {
			isa = XCBuildConfiguration;
			buildSettings = {
				ALWAYS_EMBED_SWIFT_STANDARD_LIBRARIES = YES;
				BUNDLE_LOADER = "$(TEST_HOST)";
				CODE_SIGN_STYLE = Automatic;
				CURRENT_PROJECT_VERSION = 1;
				GENERATE_INFOPLIST_FILE = YES;
				IPHONEOS_DEPLOYMENT_TARGET = 16.2;
				MARKETING_VERSION = 1.0;
				PRODUCT_BUNDLE_IDENTIFIER = com.example.LoginTests;
				PRODUCT_NAME = "$(TARGET_NAME)";
				SWIFT_EMIT_LOC_STRINGS = NO;
				SWIFT_VERSION = 5.0;
				TARGETED_DEVICE_FAMILY = "1,2";
				TEST_HOST = "$(BUILT_PRODUCTS_DIR)/Login.app/$(BUNDLE_EXECUTABLE_FOLDER_PATH)/Login";
			};
			name = Debug;
		};
		5EE5EA2B2B72610E00AE24A4 /* Release */ = {
			isa = XCBuildConfiguration;
			buildSettings = {
				ALWAYS_EMBED_SWIFT_STANDARD_LIBRARIES = YES;
				BUNDLE_LOADER = "$(TEST_HOST)";
				CODE_SIGN_STYLE = Automatic;
				CURRENT_PROJECT_VERSION = 1;
				GENERATE_INFOPLIST_FILE = YES;
				IPHONEOS_DEPLOYMENT_TARGET = 16.2;
				MARKETING_VERSION = 1.0;
				PRODUCT_BUNDLE_IDENTIFIER = com.example.LoginTests;
				PRODUCT_NAME = "$(TARGET_NAME)";
				SWIFT_EMIT_LOC_STRINGS = NO;
				SWIFT_VERSION = 5.0;
				TARGETED_DEVICE_FAMILY = "1,2";
				TEST_HOST = "$(BUILT_PRODUCTS_DIR)/Login.app/$(BUNDLE_EXECUTABLE_FOLDER_PATH)/Login";
			};
			name = Release;
		};
		5EE5EA2D2B72610E00AE24A4 /* Debug */ = {
			isa = XCBuildConfiguration;
			buildSettings = {
				ALWAYS_EMBED_SWIFT_STANDARD_LIBRARIES = YES;
				CODE_SIGN_STYLE = Automatic;
				CURRENT_PROJECT_VERSION = 1;
				GENERATE_INFOPLIST_FILE = YES;
				MARKETING_VERSION = 1.0;
				PRODUCT_BUNDLE_IDENTIFIER = com.example.LoginUITests;
				PRODUCT_NAME = "$(TARGET_NAME)";
				SWIFT_EMIT_LOC_STRINGS = NO;
				SWIFT_VERSION = 5.0;
				TARGETED_DEVICE_FAMILY = "1,2";
				TEST_TARGET_NAME = Login;
			};
			name = Debug;
		};
		5EE5EA2E2B72610E00AE24A4 /* Release */ = {
			isa = XCBuildConfiguration;
			buildSettings = {
				ALWAYS_EMBED_SWIFT_STANDARD_LIBRARIES = YES;
				CODE_SIGN_STYLE = Automatic;
				CURRENT_PROJECT_VERSION = 1;
				GENERATE_INFOPLIST_FILE = YES;
				MARKETING_VERSION = 1.0;
				PRODUCT_BUNDLE_IDENTIFIER = com.example.LoginUITests;
				PRODUCT_NAME = "$(TARGET_NAME)";
				SWIFT_EMIT_LOC_STRINGS = NO;
				SWIFT_VERSION = 5.0;
				TARGETED_DEVICE_FAMILY = "1,2";
				TEST_TARGET_NAME = Login;
			};
			name = Release;
		};
/* End XCBuildConfiguration section */

/* Begin XCConfigurationList section */
		5EE5E9F72B72610C00AE24A4 /* Build configuration list for PBXProject "Login" */ = {
			isa = XCConfigurationList;
			buildConfigurations = (
				5EE5EA242B72610E00AE24A4 /* Debug */,
				5EE5EA252B72610E00AE24A4 /* Release */,
			);
			defaultConfigurationIsVisible = 0;
			defaultConfigurationName = Release;
		};
		5EE5EA262B72610E00AE24A4 /* Build configuration list for PBXNativeTarget "Login" */ = {
			isa = XCConfigurationList;
			buildConfigurations = (
				5EE5EA272B72610E00AE24A4 /* Debug */,
				5EE5EA282B72610E00AE24A4 /* Release */,
			);
			defaultConfigurationIsVisible = 0;
			defaultConfigurationName = Release;
		};
		5EE5EA292B72610E00AE24A4 /* Build configuration list for PBXNativeTarget "LoginTests" */ = {
			isa = XCConfigurationList;
			buildConfigurations = (
				5EE5EA2A2B72610E00AE24A4 /* Debug */,
				5EE5EA2B2B72610E00AE24A4 /* Release */,
			);
			defaultConfigurationIsVisible = 0;
			defaultConfigurationName = Release;
		};
		5EE5EA2C2B72610E00AE24A4 /* Build configuration list for PBXNativeTarget "LoginUITests" */ = {
			isa = XCConfigurationList;
			buildConfigurations = (
				5EE5EA2D2B72610E00AE24A4 /* Debug */,
				5EE5EA2E2B72610E00AE24A4 /* Release */,
			);
			defaultConfigurationIsVisible = 0;
			defaultConfigurationName = Release;
		};
/* End XCConfigurationList section */
	};
	rootObject = 5EE5E9F42B72610C00AE24A4 /* Project object */;
}
